
Microsoft Visual Studio Solution File, Format Version 12.00
# Visual Studio Version 17
VisualStudioVersion = 17.10.35122.118
MinimumVisualStudioVersion = 10.0.40219.1
Project("{FAE04EC0-301F-11D3-BF4B-00C04F79EFBC}") = "WindowsFormsApp4", "WindowsFormsApp4\WindowsFormsApp4.csproj", "{6E9E4A82-4353-4ADF-A9B8-97E571D503D6}"
EndProject
Global
	GlobalSection(SolutionConfigurationPlatforms) = preSolution
		Debug|Any CPU = Debug|Any CPU
		Release|Any CPU = Release|Any CPU
	EndGlobalSection
	GlobalSection(ProjectConfigurationPlatforms) = postSolution
		{6E9E4A82-4353-4ADF-A9B8-97E571D503D6}.Debug|Any CPU.ActiveCfg = Debug|Any CPU
		{6E9E4A82-4353-4ADF-A9B8-97E571D503D6}.Debug|Any CPU.Build.0 = Debug|Any CPU
		{6E9E4A82-4353-4ADF-A9B8-97E571D503D6}.Release|Any CPU.ActiveCfg = Release|Any CPU
		{6E9E4A82-4353-4ADF-A9B8-97E571D503D6}.Release|Any CPU.Build.0 = Release|Any CPU
	EndGlobalSection
	GlobalSection(SolutionProperties) = preSolution
		HideSolutionNode = FALSE
	EndGlobalSection
	GlobalSection(ExtensibilityGlobals) = postSolution
		SolutionGuid = {D0E692A9-E979-4C74-93B3-F2676BA626CF}
	EndGlobalSection
EndGlobal
