
Microsoft Visual Studio Solution File, Format Version 12.00
# Visual Studio Version 17
VisualStudioVersion = 17.10.35122.118
MinimumVisualStudioVersion = 10.0.40219.1
Project("{FAE04EC0-301F-11D3-BF4B-00C04F79EFBC}") = "C#_17", "C#_17\C#_17.csproj", "{E851E699-7D58-41EF-AE3D-A8E6C4093E8A}"
EndProject
Global
	GlobalSection(SolutionConfigurationPlatforms) = preSolution
		Debug|Any CPU = Debug|Any CPU
		Release|Any CPU = Release|Any CPU
	EndGlobalSection
	GlobalSection(ProjectConfigurationPlatforms) = postSolution
		{E851E699-7D58-41EF-AE3D-A8E6C4093E8A}.Debug|Any CPU.ActiveCfg = Debug|Any CPU
		{E851E699-7D58-41EF-AE3D-A8E6C4093E8A}.Debug|Any CPU.Build.0 = Debug|Any CPU
		{E851E699-7D58-41EF-AE3D-A8E6C4093E8A}.Release|Any CPU.ActiveCfg = Release|Any CPU
		{E851E699-7D58-41EF-AE3D-A8E6C4093E8A}.Release|Any CPU.Build.0 = Release|Any CPU
	EndGlobalSection
	GlobalSection(SolutionProperties) = preSolution
		HideSolutionNode = FALSE
	EndGlobalSection
	GlobalSection(ExtensibilityGlobals) = postSolution
		SolutionGuid = {C28776AA-61BB-4BC0-BB1D-E8FC9A4AC864}
	EndGlobalSection
EndGlobal
