
Microsoft Visual Studio Solution File, Format Version 12.00
# Visual Studio Version 17
VisualStudioVersion = 17.11.35219.272
MinimumVisualStudioVersion = 10.0.40219.1
Project("{FAE04EC0-301F-11D3-BF4B-00C04F79EFBC}") = "WindowsFormsApp21", "WindowsFormsApp21\WindowsFormsApp21.csproj", "{E67ACDCE-66B3-48C7-9818-2C8DDFD1ACDA}"
EndProject
Global
	GlobalSection(SolutionConfigurationPlatforms) = preSolution
		Debug|Any CPU = Debug|Any CPU
		Release|Any CPU = Release|Any CPU
	EndGlobalSection
	GlobalSection(ProjectConfigurationPlatforms) = postSolution
		{E67ACDCE-66B3-48C7-9818-2C8DDFD1ACDA}.Debug|Any CPU.ActiveCfg = Debug|Any CPU
		{E67ACDCE-66B3-48C7-9818-2C8DDFD1ACDA}.Debug|Any CPU.Build.0 = Debug|Any CPU
		{E67ACDCE-66B3-48C7-9818-2C8DDFD1ACDA}.Release|Any CPU.ActiveCfg = Release|Any CPU
		{E67ACDCE-66B3-48C7-9818-2C8DDFD1ACDA}.Release|Any CPU.Build.0 = Release|Any CPU
	EndGlobalSection
	GlobalSection(SolutionProperties) = preSolution
		HideSolutionNode = FALSE
	EndGlobalSection
	GlobalSection(ExtensibilityGlobals) = postSolution
		SolutionGuid = {BF9CBDF2-426E-4B97-A111-5A49C05BADDD}
	EndGlobalSection
EndGlobal
