
Microsoft Visual Studio Solution File, Format Version 12.00
# Visual Studio Version 17
VisualStudioVersion = 17.10.35122.118
MinimumVisualStudioVersion = 10.0.40219.1
Project("{FAE04EC0-301F-11D3-BF4B-00C04F79EFBC}") = "C#_18_OOP", "C#_18_OOP\C#_18_OOP.csproj", "{46D4897F-F01B-437D-BA54-4A858953CC2F}"
EndProject
Global
	GlobalSection(SolutionConfigurationPlatforms) = preSolution
		Debug|Any CPU = Debug|Any CPU
		Release|Any CPU = Release|Any CPU
	EndGlobalSection
	GlobalSection(ProjectConfigurationPlatforms) = postSolution
		{46D4897F-F01B-437D-BA54-4A858953CC2F}.Debug|Any CPU.ActiveCfg = Debug|Any CPU
		{46D4897F-F01B-437D-BA54-4A858953CC2F}.Debug|Any CPU.Build.0 = Debug|Any CPU
		{46D4897F-F01B-437D-BA54-4A858953CC2F}.Release|Any CPU.ActiveCfg = Release|Any CPU
		{46D4897F-F01B-437D-BA54-4A858953CC2F}.Release|Any CPU.Build.0 = Release|Any CPU
	EndGlobalSection
	GlobalSection(SolutionProperties) = preSolution
		HideSolutionNode = FALSE
	EndGlobalSection
	GlobalSection(ExtensibilityGlobals) = postSolution
		SolutionGuid = {B21C4576-2035-4CE9-9B9D-EB6B2FECBDD6}
	EndGlobalSection
EndGlobal
