
Microsoft Visual Studio Solution File, Format Version 12.00
# Visual Studio Version 17
VisualStudioVersion = 17.11.35219.272
MinimumVisualStudioVersion = 10.0.40219.1
Project("{FAE04EC0-301F-11D3-BF4B-00C04F79EFBC}") = "WindowsFormsApp18", "WindowsFormsApp18\WindowsFormsApp18.csproj", "{0B2AE013-2333-41CC-B443-A1A09362E717}"
EndProject
Global
	GlobalSection(SolutionConfigurationPlatforms) = preSolution
		Debug|Any CPU = Debug|Any CPU
		Release|Any CPU = Release|Any CPU
	EndGlobalSection
	GlobalSection(ProjectConfigurationPlatforms) = postSolution
		{0B2AE013-2333-41CC-B443-A1A09362E717}.Debug|Any CPU.ActiveCfg = Debug|Any CPU
		{0B2AE013-2333-41CC-B443-A1A09362E717}.Debug|Any CPU.Build.0 = Debug|Any CPU
		{0B2AE013-2333-41CC-B443-A1A09362E717}.Release|Any CPU.ActiveCfg = Release|Any CPU
		{0B2AE013-2333-41CC-B443-A1A09362E717}.Release|Any CPU.Build.0 = Release|Any CPU
	EndGlobalSection
	GlobalSection(SolutionProperties) = preSolution
		HideSolutionNode = FALSE
	EndGlobalSection
	GlobalSection(ExtensibilityGlobals) = postSolution
		SolutionGuid = {EC4993F3-7406-4919-89F1-87BD54D709C2}
	EndGlobalSection
EndGlobal
