
Microsoft Visual Studio Solution File, Format Version 12.00
# Visual Studio Version 17
VisualStudioVersion = 17.10.35122.118
MinimumVisualStudioVersion = 10.0.40219.1
Project("{FAE04EC0-301F-11D3-BF4B-00C04F79EFBC}") = "C#_0", "C#_0\C#_0.csproj", "{EB3C21C8-4BCA-46BB-BAD0-E78078D82037}"
EndProject
Global
	GlobalSection(SolutionConfigurationPlatforms) = preSolution
		Debug|Any CPU = Debug|Any CPU
		Release|Any CPU = Release|Any CPU
	EndGlobalSection
	GlobalSection(ProjectConfigurationPlatforms) = postSolution
		{EB3C21C8-4BCA-46BB-BAD0-E78078D82037}.Debug|Any CPU.ActiveCfg = Debug|Any CPU
		{EB3C21C8-4BCA-46BB-BAD0-E78078D82037}.Debug|Any CPU.Build.0 = Debug|Any CPU
		{EB3C21C8-4BCA-46BB-BAD0-E78078D82037}.Release|Any CPU.ActiveCfg = Release|Any CPU
		{EB3C21C8-4BCA-46BB-BAD0-E78078D82037}.Release|Any CPU.Build.0 = Release|Any CPU
	EndGlobalSection
	GlobalSection(SolutionProperties) = preSolution
		HideSolutionNode = FALSE
	EndGlobalSection
	GlobalSection(ExtensibilityGlobals) = postSolution
		SolutionGuid = {90843589-1D95-4AD2-9E7C-F9FD2D8C3675}
	EndGlobalSection
EndGlobal
