
Microsoft Visual Studio Solution File, Format Version 12.00
# Visual Studio Version 17
VisualStudioVersion = 17.10.35122.118
MinimumVisualStudioVersion = 10.0.40219.1
Project("{FAE04EC0-301F-11D3-BF4B-00C04F79EFBC}") = "C#_7_1", "C#_7_1\C#_7_1.csproj", "{5093A2A8-E3AC-4FB4-ADF8-22061A6C945A}"
EndProject
Global
	GlobalSection(SolutionConfigurationPlatforms) = preSolution
		Debug|Any CPU = Debug|Any CPU
		Release|Any CPU = Release|Any CPU
	EndGlobalSection
	GlobalSection(ProjectConfigurationPlatforms) = postSolution
		{5093A2A8-E3AC-4FB4-ADF8-22061A6C945A}.Debug|Any CPU.ActiveCfg = Debug|Any CPU
		{5093A2A8-E3AC-4FB4-ADF8-22061A6C945A}.Debug|Any CPU.Build.0 = Debug|Any CPU
		{5093A2A8-E3AC-4FB4-ADF8-22061A6C945A}.Release|Any CPU.ActiveCfg = Release|Any CPU
		{5093A2A8-E3AC-4FB4-ADF8-22061A6C945A}.Release|Any CPU.Build.0 = Release|Any CPU
	EndGlobalSection
	GlobalSection(SolutionProperties) = preSolution
		HideSolutionNode = FALSE
	EndGlobalSection
	GlobalSection(ExtensibilityGlobals) = postSolution
		SolutionGuid = {45039B85-DB1C-40DA-AC13-48722A8FC709}
	EndGlobalSection
EndGlobal
